
Microsoft Visual Studio Solution File, Format Version 12.00
# Visual Studio 2013
VisualStudioVersion = 12.0.21005.1
MinimumVisualStudioVersion = 10.0.40219.1
Project("{8BC9CEB8-8B4A-11D0-8D11-00A0C91BC942}") = "2908_상수", "2908_상수\2908_상수.vcxproj", "{8BBA6E0B-7622-4F3F-91B8-26BD910DF684}"
EndProject
Global
	GlobalSection(SolutionConfigurationPlatforms) = preSolution
		Debug|Win32 = Debug|Win32
		Release|Win32 = Release|Win32
	EndGlobalSection
	GlobalSection(ProjectConfigurationPlatforms) = postSolution
		{8BBA6E0B-7622-4F3F-91B8-26BD910DF684}.Debug|Win32.ActiveCfg = Debug|Win32
		{8BBA6E0B-7622-4F3F-91B8-26BD910DF684}.Debug|Win32.Build.0 = Debug|Win32
		{8BBA6E0B-7622-4F3F-91B8-26BD910DF684}.Release|Win32.ActiveCfg = Release|Win32
		{8BBA6E0B-7622-4F3F-91B8-26BD910DF684}.Release|Win32.Build.0 = Release|Win32
	EndGlobalSection
	GlobalSection(SolutionProperties) = preSolution
		HideSolutionNode = FALSE
	EndGlobalSection
EndGlobal
